
Microsoft Visual Studio Solution File, Format Version 12.00
# Visual Studio Version 16
VisualStudioVersion = 16.0.28621.142
MinimumVisualStudioVersion = 10.0.40219.1
Project("{2150E333-8FDC-42A3-9474-1A3956D46DE8}") = "src", "src", "{38B758F2-C8A3-435B-8544-3D1A954B75F3}"
EndProject
Project("{2150E333-8FDC-42A3-9474-1A3956D46DE8}") = "web", "web", "{A5BAC071-A2A0-4294-A8F1-B14ED7A6977C}"
EndProject
Project("{2150E333-8FDC-42A3-9474-1A3956D46DE8}") = "services", "services", "{45CDDC1D-488E-4822-9F8A-D6CBE488C27C}"
EndProject
Project("{FAE04EC0-301F-11D3-BF4B-00C04F79EFBC}") = "ProductCatalogAPI", "ProductCatalogAPI\ProductCatalogAPI.csproj", "{BD1E3E0D-BAA0-4F59-8F9F-5BEE0FD18DCD}"
EndProject
Global
	GlobalSection(SolutionConfigurationPlatforms) = preSolution
		Debug|Any CPU = Debug|Any CPU
		Release|Any CPU = Release|Any CPU
	EndGlobalSection
	GlobalSection(ProjectConfigurationPlatforms) = postSolution
		{BD1E3E0D-BAA0-4F59-8F9F-5BEE0FD18DCD}.Debug|Any CPU.ActiveCfg = Debug|Any CPU
		{BD1E3E0D-BAA0-4F59-8F9F-5BEE0FD18DCD}.Debug|Any CPU.Build.0 = Debug|Any CPU
		{BD1E3E0D-BAA0-4F59-8F9F-5BEE0FD18DCD}.Release|Any CPU.ActiveCfg = Release|Any CPU
		{BD1E3E0D-BAA0-4F59-8F9F-5BEE0FD18DCD}.Release|Any CPU.Build.0 = Release|Any CPU
	EndGlobalSection
	GlobalSection(SolutionProperties) = preSolution
		HideSolutionNode = FALSE
	EndGlobalSection
	GlobalSection(NestedProjects) = preSolution
		{A5BAC071-A2A0-4294-A8F1-B14ED7A6977C} = {38B758F2-C8A3-435B-8544-3D1A954B75F3}
		{45CDDC1D-488E-4822-9F8A-D6CBE488C27C} = {38B758F2-C8A3-435B-8544-3D1A954B75F3}
		{BD1E3E0D-BAA0-4F59-8F9F-5BEE0FD18DCD} = {45CDDC1D-488E-4822-9F8A-D6CBE488C27C}
	EndGlobalSection
	GlobalSection(ExtensibilityGlobals) = postSolution
		SolutionGuid = {27B52667-80AC-4C42-B861-8B5379403AAD}
	EndGlobalSection
EndGlobal
